
Microsoft Visual Studio Solution File, Format Version 12.00
# Visual Studio Version 17
VisualStudioVersion = 17.6.33723.286
MinimumVisualStudioVersion = 10.0.40219.1
Project("{FAE04EC0-301F-11D3-BF4B-00C04F79EFBC}") = "Use_Case_.Net_Regex_Nazarii_Ivasyshyn", "Use_Case_.Net_Regex_Nazarii_Ivasyshyn\Use_Case_.Net_Regex_Nazarii_Ivasyshyn.csproj", "{D58C24BF-2906-4B7F-8C0A-6F54BD31B362}"
EndProject
Global
	GlobalSection(SolutionConfigurationPlatforms) = preSolution
		Debug|Any CPU = Debug|Any CPU
		Release|Any CPU = Release|Any CPU
	EndGlobalSection
	GlobalSection(ProjectConfigurationPlatforms) = postSolution
		{D58C24BF-2906-4B7F-8C0A-6F54BD31B362}.Debug|Any CPU.ActiveCfg = Debug|Any CPU
		{D58C24BF-2906-4B7F-8C0A-6F54BD31B362}.Debug|Any CPU.Build.0 = Debug|Any CPU
		{D58C24BF-2906-4B7F-8C0A-6F54BD31B362}.Release|Any CPU.ActiveCfg = Release|Any CPU
		{D58C24BF-2906-4B7F-8C0A-6F54BD31B362}.Release|Any CPU.Build.0 = Release|Any CPU
	EndGlobalSection
	GlobalSection(SolutionProperties) = preSolution
		HideSolutionNode = FALSE
	EndGlobalSection
	GlobalSection(ExtensibilityGlobals) = postSolution
		SolutionGuid = {4AA2FD6D-1898-4C3D-87A9-91187BB9FA0D}
	EndGlobalSection
EndGlobal
